
Microsoft Visual Studio Solution File, Format Version 12.00
# Visual Studio Version 16
VisualStudioVersion = 16.0.31729.503
MinimumVisualStudioVersion = 10.0.40219.1
Project("{888888A0-9F3D-457C-B088-3A5042F75D52}") = "Laba 5py", "Laba 5py.pyproj", "{96AD1C25-F0AA-4361-A7BD-3DDC682F95EB}"
EndProject
Global
	GlobalSection(SolutionConfigurationPlatforms) = preSolution
		Debug|Any CPU = Debug|Any CPU
		Release|Any CPU = Release|Any CPU
	EndGlobalSection
	GlobalSection(ProjectConfigurationPlatforms) = postSolution
		{96AD1C25-F0AA-4361-A7BD-3DDC682F95EB}.Debug|Any CPU.ActiveCfg = Debug|Any CPU
		{96AD1C25-F0AA-4361-A7BD-3DDC682F95EB}.Release|Any CPU.ActiveCfg = Release|Any CPU
	EndGlobalSection
	GlobalSection(SolutionProperties) = preSolution
		HideSolutionNode = FALSE
	EndGlobalSection
	GlobalSection(ExtensibilityGlobals) = postSolution
		SolutionGuid = {BDA0C6D8-F94D-4DE7-B2C4-1C320EAC9A32}
	EndGlobalSection
EndGlobal
